
Microsoft Visual Studio Solution File, Format Version 12.00
# Visual Studio Version 17
VisualStudioVersion = 17.10.34928.147
MinimumVisualStudioVersion = 10.0.40219.1
Project("{FAE04EC0-301F-11D3-BF4B-00C04F79EFBC}") = "Contacts-Manager", "Contacts-Manager\Contacts-Manager.csproj", "{16A7605A-C0B8-4C51-A404-01111DE6A016}"
EndProject
Global
	GlobalSection(SolutionConfigurationPlatforms) = preSolution
		Debug|Any CPU = Debug|Any CPU
		Release|Any CPU = Release|Any CPU
	EndGlobalSection
	GlobalSection(ProjectConfigurationPlatforms) = postSolution
		{16A7605A-C0B8-4C51-A404-01111DE6A016}.Debug|Any CPU.ActiveCfg = Debug|Any CPU
		{16A7605A-C0B8-4C51-A404-01111DE6A016}.Debug|Any CPU.Build.0 = Debug|Any CPU
		{16A7605A-C0B8-4C51-A404-01111DE6A016}.Release|Any CPU.ActiveCfg = Release|Any CPU
		{16A7605A-C0B8-4C51-A404-01111DE6A016}.Release|Any CPU.Build.0 = Release|Any CPU
	EndGlobalSection
	GlobalSection(SolutionProperties) = preSolution
		HideSolutionNode = FALSE
	EndGlobalSection
	GlobalSection(ExtensibilityGlobals) = postSolution
		SolutionGuid = {705ECA3E-D335-416A-9763-D180C8DBF983}
	EndGlobalSection
EndGlobal
